
Microsoft Visual Studio Solution File, Format Version 12.00
# Blend for Visual Studio Version 17
VisualStudioVersion = 17.0.32112.339
MinimumVisualStudioVersion = 10.0.40219.1
Project("{FAE04EC0-301F-11D3-BF4B-00C04F79EFBC}") = "Design-Time Sizing", "Design-Time Sizing\Design-Time Sizing.csproj", "{0390163E-E172-4F5A-B39D-E525495B5F4E}"
EndProject
Global
	GlobalSection(SolutionConfigurationPlatforms) = preSolution
		Debug|Any CPU = Debug|Any CPU
		Release|Any CPU = Release|Any CPU
	EndGlobalSection
	GlobalSection(ProjectConfigurationPlatforms) = postSolution
		{0390163E-E172-4F5A-B39D-E525495B5F4E}.Debug|Any CPU.ActiveCfg = Debug|Any CPU
		{0390163E-E172-4F5A-B39D-E525495B5F4E}.Debug|Any CPU.Build.0 = Debug|Any CPU
		{0390163E-E172-4F5A-B39D-E525495B5F4E}.Release|Any CPU.ActiveCfg = Release|Any CPU
		{0390163E-E172-4F5A-B39D-E525495B5F4E}.Release|Any CPU.Build.0 = Release|Any CPU
	EndGlobalSection
	GlobalSection(SolutionProperties) = preSolution
		HideSolutionNode = FALSE
	EndGlobalSection
	GlobalSection(ExtensibilityGlobals) = postSolution
		SolutionGuid = {7BBED01A-EFAE-40A8-AEBD-3C08E4E907AF}
	EndGlobalSection
EndGlobal
