
Microsoft Visual Studio Solution File, Format Version 12.00
# Blend for Visual Studio Version 17
VisualStudioVersion = 17.0.32112.339
MinimumVisualStudioVersion = 10.0.40219.1
Project("{FAE04EC0-301F-11D3-BF4B-00C04F79EFBC}") = "ListBox", "ListBox\ListBox.csproj", "{05A4BFC7-69A4-4427-B0C9-D0BB73A82914}"
EndProject
Global
	GlobalSection(SolutionConfigurationPlatforms) = preSolution
		Debug|Any CPU = Debug|Any CPU
		Release|Any CPU = Release|Any CPU
	EndGlobalSection
	GlobalSection(ProjectConfigurationPlatforms) = postSolution
		{05A4BFC7-69A4-4427-B0C9-D0BB73A82914}.Debug|Any CPU.ActiveCfg = Debug|Any CPU
		{05A4BFC7-69A4-4427-B0C9-D0BB73A82914}.Debug|Any CPU.Build.0 = Debug|Any CPU
		{05A4BFC7-69A4-4427-B0C9-D0BB73A82914}.Release|Any CPU.ActiveCfg = Release|Any CPU
		{05A4BFC7-69A4-4427-B0C9-D0BB73A82914}.Release|Any CPU.Build.0 = Release|Any CPU
	EndGlobalSection
	GlobalSection(SolutionProperties) = preSolution
		HideSolutionNode = FALSE
	EndGlobalSection
	GlobalSection(ExtensibilityGlobals) = postSolution
		SolutionGuid = {FE032A69-EE7A-42E2-82F4-873C2FFE4420}
	EndGlobalSection
EndGlobal
